
Microsoft Visual Studio Solution File, Format Version 12.00
# Visual Studio Version 17
VisualStudioVersion = 17.9.34622.214
MinimumVisualStudioVersion = 10.0.40219.1
Project("{FAE04EC0-301F-11D3-BF4B-00C04F79EFBC}") = "C#BasicsPractice", "C#BasicsPractice.csproj", "{CEFFE903-C269-40B9-BEA7-FF162FEA3C88}"
EndProject
Global
	GlobalSection(SolutionConfigurationPlatforms) = preSolution
		Debug|Any CPU = Debug|Any CPU
		Release|Any CPU = Release|Any CPU
	EndGlobalSection
	GlobalSection(ProjectConfigurationPlatforms) = postSolution
		{CEFFE903-C269-40B9-BEA7-FF162FEA3C88}.Debug|Any CPU.ActiveCfg = Debug|Any CPU
		{CEFFE903-C269-40B9-BEA7-FF162FEA3C88}.Debug|Any CPU.Build.0 = Debug|Any CPU
		{CEFFE903-C269-40B9-BEA7-FF162FEA3C88}.Release|Any CPU.ActiveCfg = Release|Any CPU
		{CEFFE903-C269-40B9-BEA7-FF162FEA3C88}.Release|Any CPU.Build.0 = Release|Any CPU
	EndGlobalSection
	GlobalSection(SolutionProperties) = preSolution
		HideSolutionNode = FALSE
	EndGlobalSection
	GlobalSection(ExtensibilityGlobals) = postSolution
		SolutionGuid = {E29FDAC4-4967-4351-A8F9-9ACE02133D3A}
	EndGlobalSection
EndGlobal
